// !$*UTF8*$!
{
	archiveVersion = 1;
	classes = {
	};
	objectVersion = 56;
	objects = {

/* Begin PBXBuildFile section */
		BA1E43E62B0E499B00AAF8A4 /* Flix_App.swift in Sources */ = {isa = PBXBuildFile; fileRef = BA1E43E52B0E499B00AAF8A4 /* Flix_App.swift */; };
		BA1E43E82B0E499B00AAF8A4 /* ContentView.swift in Sources */ = {isa = PBXBuildFile; fileRef = BA1E43E72B0E499B00AAF8A4 /* ContentView.swift */; };
		BA1E43EA2B0E499C00AAF8A4 /* Assets.xcassets in Resources */ = {isa = PBXBuildFile; fileRef = BA1E43E92B0E499C00AAF8A4 /* Assets.xcassets */; };
		BA1E43ED2B0E499C00AAF8A4 /* Preview Assets.xcassets in Resources */ = {isa = PBXBuildFile; fileRef = BA1E43EC2B0E499C00AAF8A4 /* Preview Assets.xcassets */; };
		BA1E44062B0E4A7B00AAF8A4 /* Flix__tvOSApp.swift in Sources */ = {isa = PBXBuildFile; fileRef = BA1E44052B0E4A7B00AAF8A4 /* Flix__tvOSApp.swift */; };
		BA1E44082B0E4A7B00AAF8A4 /* ContentView.swift in Sources */ = {isa = PBXBuildFile; fileRef = BA1E44072B0E4A7B00AAF8A4 /* ContentView.swift */; };
		BA1E440A2B0E4A7D00AAF8A4 /* Assets.xcassets in Resources */ = {isa = PBXBuildFile; fileRef = BA1E44092B0E4A7D00AAF8A4 /* Assets.xcassets */; };
		BA1E440D2B0E4A7D00AAF8A4 /* Preview Assets.xcassets in Resources */ = {isa = PBXBuildFile; fileRef = BA1E440C2B0E4A7D00AAF8A4 /* Preview Assets.xcassets */; };
/* End PBXBuildFile section */

/* Begin PBXFileReference section */
		BA1E43E22B0E499B00AAF8A4 /* Flix-.app */ = {isa = PBXFileReference; explicitFileType = wrapper.application; includeInIndex = 0; path = "Flix-.app"; sourceTree = BUILT_PRODUCTS_DIR; };
		BA1E43E52B0E499B00AAF8A4 /* Flix_App.swift */ = {isa = PBXFileReference; lastKnownFileType = sourcecode.swift; path = Flix_App.swift; sourceTree = "<group>"; };
		BA1E43E72B0E499B00AAF8A4 /* ContentView.swift */ = {isa = PBXFileReference; lastKnownFileType = sourcecode.swift; path = ContentView.swift; sourceTree = "<group>"; };
		BA1E43E92B0E499C00AAF8A4 /* Assets.xcassets */ = {isa = PBXFileReference; lastKnownFileType = folder.assetcatalog; path = Assets.xcassets; sourceTree = "<group>"; };
		BA1E43EC2B0E499C00AAF8A4 /* Preview Assets.xcassets */ = {isa = PBXFileReference; lastKnownFileType = folder.assetcatalog; path = "Preview Assets.xcassets"; sourceTree = "<group>"; };
		BA1E44032B0E4A7B00AAF8A4 /* Flix- tvOS.app */ = {isa = PBXFileReference; explicitFileType = wrapper.application; includeInIndex = 0; path = "Flix- tvOS.app"; sourceTree = BUILT_PRODUCTS_DIR; };
		BA1E44052B0E4A7B00AAF8A4 /* Flix__tvOSApp.swift */ = {isa = PBXFileReference; lastKnownFileType = sourcecode.swift; path = Flix__tvOSApp.swift; sourceTree = "<group>"; };
		BA1E44072B0E4A7B00AAF8A4 /* ContentView.swift */ = {isa = PBXFileReference; lastKnownFileType = sourcecode.swift; path = ContentView.swift; sourceTree = "<group>"; };
		BA1E44092B0E4A7D00AAF8A4 /* Assets.xcassets */ = {isa = PBXFileReference; lastKnownFileType = folder.assetcatalog; path = Assets.xcassets; sourceTree = "<group>"; };
		BA1E440C2B0E4A7D00AAF8A4 /* Preview Assets.xcassets */ = {isa = PBXFileReference; lastKnownFileType = folder.assetcatalog; path = "Preview Assets.xcassets"; sourceTree = "<group>"; };
/* End PBXFileReference section */

/* Begin PBXFrameworksBuildPhase section */
		BA1E43DF2B0E499B00AAF8A4 /* Frameworks */ = {
			isa = PBXFrameworksBuildPhase;
			buildActionMask = 2147483647;
			files = (
			);
			runOnlyForDeploymentPostprocessing = 0;
		};
		BA1E44002B0E4A7B00AAF8A4 /* Frameworks */ = {
			isa = PBXFrameworksBuildPhase;
			buildActionMask = 2147483647;
			files = (
			);
			runOnlyForDeploymentPostprocessing = 0;
		};
/* End PBXFrameworksBuildPhase section */

/* Begin PBXGroup section */
		BA1E43D92B0E499B00AAF8A4 = {
			isa = PBXGroup;
			children = (
				BA1E43E42B0E499B00AAF8A4 /* Flix- */,
				BA1E44042B0E4A7B00AAF8A4 /* Flix- tvOS */,
				BA1E43E32B0E499B00AAF8A4 /* Products */,
			);
			sourceTree = "<group>";
		};
		BA1E43E32B0E499B00AAF8A4 /* Products */ = {
			isa = PBXGroup;
			children = (
				BA1E43E22B0E499B00AAF8A4 /* Flix-.app */,
				BA1E44032B0E4A7B00AAF8A4 /* Flix- tvOS.app */,
			);
			name = Products;
			sourceTree = "<group>";
		};
		BA1E43E42B0E499B00AAF8A4 /* Flix- */ = {
			isa = PBXGroup;
			children = (
				BA1E43E52B0E499B00AAF8A4 /* Flix_App.swift */,
				BA1E43E72B0E499B00AAF8A4 /* ContentView.swift */,
				BA1E43E92B0E499C00AAF8A4 /* Assets.xcassets */,
				BA1E43EB2B0E499C00AAF8A4 /* Preview Content */,
			);
			path = "Flix-";
			sourceTree = "<group>";
		};
		BA1E43EB2B0E499C00AAF8A4 /* Preview Content */ = {
			isa = PBXGroup;
			children = (
				BA1E43EC2B0E499C00AAF8A4 /* Preview Assets.xcassets */,
			);
			path = "Preview Content";
			sourceTree = "<group>";
		};
		BA1E44042B0E4A7B00AAF8A4 /* Flix- tvOS */ = {
			isa = PBXGroup;
			children = (
				BA1E44052B0E4A7B00AAF8A4 /* Flix__tvOSApp.swift */,
				BA1E44072B0E4A7B00AAF8A4 /* ContentView.swift */,
				BA1E44092B0E4A7D00AAF8A4 /* Assets.xcassets */,
				BA1E440B2B0E4A7D00AAF8A4 /* Preview Content */,
			);
			path = "Flix- tvOS";
			sourceTree = "<group>";
		};
		BA1E440B2B0E4A7D00AAF8A4 /* Preview Content */ = {
			isa = PBXGroup;
			children = (
				BA1E440C2B0E4A7D00AAF8A4 /* Preview Assets.xcassets */,
			);
			path = "Preview Content";
			sourceTree = "<group>";
		};
/* End PBXGroup section */

/* Begin PBXNativeTarget section */
		BA1E43E12B0E499B00AAF8A4 /* Flix- */ = {
			isa = PBXNativeTarget;
			buildConfigurationList = BA1E43F02B0E499C00AAF8A4 /* Build configuration list for PBXNativeTarget "Flix-" */;
			buildPhases = (
				BA1E43DE2B0E499B00AAF8A4 /* Sources */,
				BA1E43DF2B0E499B00AAF8A4 /* Frameworks */,
				BA1E43E02B0E499B00AAF8A4 /* Resources */,
			);
			buildRules = (
			);
			dependencies = (
			);
			name = "Flix-";
			productName = "Flix-";
			productReference = BA1E43E22B0E499B00AAF8A4 /* Flix-.app */;
			productType = "com.apple.product-type.application";
		};
		BA1E44022B0E4A7B00AAF8A4 /* Flix- tvOS */ = {
			isa = PBXNativeTarget;
			buildConfigurationList = BA1E440E2B0E4A7D00AAF8A4 /* Build configuration list for PBXNativeTarget "Flix- tvOS" */;
			buildPhases = (
				BA1E43FF2B0E4A7B00AAF8A4 /* Sources */,
				BA1E44002B0E4A7B00AAF8A4 /* Frameworks */,
				BA1E44012B0E4A7B00AAF8A4 /* Resources */,
			);
			buildRules = (
			);
			dependencies = (
			);
			name = "Flix- tvOS";
			productName = "Flix- tvOS";
			productReference = BA1E44032B0E4A7B00AAF8A4 /* Flix- tvOS.app */;
			productType = "com.apple.product-type.application";
		};
/* End PBXNativeTarget section */

/* Begin PBXProject section */
		BA1E43DA2B0E499B00AAF8A4 /* Project object */ = {
			isa = PBXProject;
			attributes = {
				BuildIndependentTargetsInParallel = 1;
				LastSwiftUpdateCheck = 1500;
				LastUpgradeCheck = 1500;
				TargetAttributes = {
					BA1E43E12B0E499B00AAF8A4 = {
						CreatedOnToolsVersion = 15.0.1;
					};
					BA1E44022B0E4A7B00AAF8A4 = {
						CreatedOnToolsVersion = 15.0.1;
					};
				};
			};
			buildConfigurationList = BA1E43DD2B0E499B00AAF8A4 /* Build configuration list for PBXProject "Flix-" */;
			compatibilityVersion = "Xcode 14.0";
			developmentRegion = en;
			hasScannedForEncodings = 0;
			knownRegions = (
				en,
				Base,
			);
			mainGroup = BA1E43D92B0E499B00AAF8A4;
			productRefGroup = BA1E43E32B0E499B00AAF8A4 /* Products */;
			projectDirPath = "";
			projectRoot = "";
			targets = (
				BA1E43E12B0E499B00AAF8A4 /* Flix- */,
				BA1E44022B0E4A7B00AAF8A4 /* Flix- tvOS */,
			);
		};
/* End PBXProject section */

/* Begin PBXResourcesBuildPhase section */
		BA1E43E02B0E499B00AAF8A4 /* Resources */ = {
			isa = PBXResourcesBuildPhase;
			buildActionMask = 2147483647;
			files = (
				BA1E43ED2B0E499C00AAF8A4 /* Preview Assets.xcassets in Resources */,
				BA1E43EA2B0E499C00AAF8A4 /* Assets.xcassets in Resources */,
			);
			runOnlyForDeploymentPostprocessing = 0;
		};
		BA1E44012B0E4A7B00AAF8A4 /* Resources */ = {
			isa = PBXResourcesBuildPhase;
			buildActionMask = 2147483647;
			files = (
				BA1E440D2B0E4A7D00AAF8A4 /* Preview Assets.xcassets in Resources */,
				BA1E440A2B0E4A7D00AAF8A4 /* Assets.xcassets in Resources */,
			);
			runOnlyForDeploymentPostprocessing = 0;
		};
/* End PBXResourcesBuildPhase section */

/* Begin PBXSourcesBuildPhase section */
		BA1E43DE2B0E499B00AAF8A4 /* Sources */ = {
			isa = PBXSourcesBuildPhase;
			buildActionMask = 2147483647;
			files = (
				BA1E43E82B0E499B00AAF8A4 /* ContentView.swift in Sources */,
				BA1E43E62B0E499B00AAF8A4 /* Flix_App.swift in Sources */,
			);
			runOnlyForDeploymentPostprocessing = 0;
		};
		BA1E43FF2B0E4A7B00AAF8A4 /* Sources */ = {
			isa = PBXSourcesBuildPhase;
			buildActionMask = 2147483647;
			files = (
				BA1E44082B0E4A7B00AAF8A4 /* ContentView.swift in Sources */,
				BA1E44062B0E4A7B00AAF8A4 /* Flix__tvOSApp.swift in Sources */,
			);
			runOnlyForDeploymentPostprocessing = 0;
		};
/* End PBXSourcesBuildPhase section */

/* Begin XCBuildConfiguration section */
		BA1E43EE2B0E499C00AAF8A4 /* Debug */ = {
			isa = XCBuildConfiguration;
			buildSettings = {
				ALWAYS_SEARCH_USER_PATHS = NO;
				ASSETCATALOG_COMPILER_GENERATE_SWIFT_ASSET_SYMBOL_EXTENSIONS = YES;
				CLANG_ANALYZER_NONNULL = YES;
				CLANG_ANALYZER_NUMBER_OBJECT_CONVERSION = YES_AGGRESSIVE;
				CLANG_CXX_LANGUAGE_STANDARD = "gnu++20";
				CLANG_ENABLE_MODULES = YES;
				CLANG_ENABLE_OBJC_ARC = YES;
				CLANG_ENABLE_OBJC_WEAK = YES;
				CLANG_WARN_BLOCK_CAPTURE_AUTORELEASING = YES;
				CLANG_WARN_BOOL_CONVERSION = YES;
				CLANG_WARN_COMMA = YES;
				CLANG_WARN_CONSTANT_CONVERSION = YES;
				CLANG_WARN_DEPRECATED_OBJC_IMPLEMENTATIONS = YES;
				CLANG_WARN_DIRECT_OBJC_ISA_USAGE = YES_ERROR;
				CLANG_WARN_DOCUMENTATION_COMMENTS = YES;
				CLANG_WARN_EMPTY_BODY = YES;
				CLANG_WARN_ENUM_CONVERSION = YES;
				CLANG_WARN_INFINITE_RECURSION = YES;
				CLANG_WARN_INT_CONVERSION = YES;
				CLANG_WARN_NON_LITERAL_NULL_CONVERSION = YES;
				CLANG_WARN_OBJC_IMPLICIT_RETAIN_SELF = YES;
				CLANG_WARN_OBJC_LITERAL_CONVERSION = YES;
				CLANG_WARN_OBJC_ROOT_CLASS = YES_ERROR;
				CLANG_WARN_QUOTED_INCLUDE_IN_FRAMEWORK_HEADER = YES;
				CLANG_WARN_RANGE_LOOP_ANALYSIS = YES;
				CLANG_WARN_STRICT_PROTOTYPES = YES;
				CLANG_WARN_SUSPICIOUS_MOVE = YES;
				CLANG_WARN_UNGUARDED_AVAILABILITY = YES_AGGRESSIVE;
				CLANG_WARN_UNREACHABLE_CODE = YES;
				CLANG_WARN__DUPLICATE_METHOD_MATCH = YES;
				COPY_PHASE_STRIP = NO;
				DEBUG_INFORMATION_FORMAT = dwarf;
				ENABLE_STRICT_OBJC_MSGSEND = YES;
				ENABLE_TESTABILITY = YES;
				ENABLE_USER_SCRIPT_SANDBOXING = YES;
				GCC_C_LANGUAGE_STANDARD = gnu17;
				GCC_DYNAMIC_NO_PIC = NO;
				GCC_NO_COMMON_BLOCKS = YES;
				GCC_OPTIMIZATION_LEVEL = 0;
				GCC_PREPROCESSOR_DEFINITIONS = (
					"DEBUG=1",
					"$(inherited)",
				);
				GCC_WARN_64_TO_32_BIT_CONVERSION = YES;
				GCC_WARN_ABOUT_RETURN_TYPE = YES_ERROR;
				GCC_WARN_UNDECLARED_SELECTOR = YES;
				GCC_WARN_UNINITIALIZED_AUTOS = YES_AGGRESSIVE;
				GCC_WARN_UNUSED_FUNCTION = YES;
				GCC_WARN_UNUSED_VARIABLE = YES;
				IPHONEOS_DEPLOYMENT_TARGET = 17.0;
				LOCALIZATION_PREFERS_STRING_CATALOGS = YES;
				MTL_ENABLE_DEBUG_INFO = INCLUDE_SOURCE;
				MTL_FAST_MATH = YES;
				ONLY_ACTIVE_ARCH = YES;
				SDKROOT = iphoneos;
				SWIFT_ACTIVE_COMPILATION_CONDITIONS = "DEBUG $(inherited)";
				SWIFT_OPTIMIZATION_LEVEL = "-Onone";
			};
			name = Debug;
		};
		BA1E43EF2B0E499C00AAF8A4 /* Release */ = {
			isa = XCBuildConfiguration;
			buildSettings = {
				ALWAYS_SEARCH_USER_PATHS = NO;
				ASSETCATALOG_COMPILER_GENERATE_SWIFT_ASSET_SYMBOL_EXTENSIONS = YES;
				CLANG_ANALYZER_NONNULL = YES;
				CLANG_ANALYZER_NUMBER_OBJECT_CONVERSION = YES_AGGRESSIVE;
				CLANG_CXX_LANGUAGE_STANDARD = "gnu++20";
				CLANG_ENABLE_MODULES = YES;
				CLANG_ENABLE_OBJC_ARC = YES;
				CLANG_ENABLE_OBJC_WEAK = YES;
				CLANG_WARN_BLOCK_CAPTURE_AUTORELEASING = YES;
				CLANG_WARN_BOOL_CONVERSION = YES;
				CLANG_WARN_COMMA = YES;
				CLANG_WARN_CONSTANT_CONVERSION = YES;
				CLANG_WARN_DEPRECATED_OBJC_IMPLEMENTATIONS = YES;
				CLANG_WARN_DIRECT_OBJC_ISA_USAGE = YES_ERROR;
				CLANG_WARN_DOCUMENTATION_COMMENTS = YES;
				CLANG_WARN_EMPTY_BODY = YES;
				CLANG_WARN_ENUM_CONVERSION = YES;
				CLANG_WARN_INFINITE_RECURSION = YES;
				CLANG_WARN_INT_CONVERSION = YES;
				CLANG_WARN_NON_LITERAL_NULL_CONVERSION = YES;
				CLANG_WARN_OBJC_IMPLICIT_RETAIN_SELF = YES;
				CLANG_WARN_OBJC_LITERAL_CONVERSION = YES;
				CLANG_WARN_OBJC_ROOT_CLASS = YES_ERROR;
				CLANG_WARN_QUOTED_INCLUDE_IN_FRAMEWORK_HEADER = YES;
				CLANG_WARN_RANGE_LOOP_ANALYSIS = YES;
				CLANG_WARN_STRICT_PROTOTYPES = YES;
				CLANG_WARN_SUSPICIOUS_MOVE = YES;
				CLANG_WARN_UNGUARDED_AVAILABILITY = YES_AGGRESSIVE;
				CLANG_WARN_UNREACHABLE_CODE = YES;
				CLANG_WARN__DUPLICATE_METHOD_MATCH = YES;
				COPY_PHASE_STRIP = NO;
				DEBUG_INFORMATION_FORMAT = "dwarf-with-dsym";
				ENABLE_NS_ASSERTIONS = NO;
				ENABLE_STRICT_OBJC_MSGSEND = YES;
				ENABLE_USER_SCRIPT_SANDBOXING = YES;
				GCC_C_LANGUAGE_STANDARD = gnu17;
				GCC_NO_COMMON_BLOCKS = YES;
				GCC_WARN_64_TO_32_BIT_CONVERSION = YES;
				GCC_WARN_ABOUT_RETURN_TYPE = YES_ERROR;
				GCC_WARN_UNDECLARED_SELECTOR = YES;
				GCC_WARN_UNINITIALIZED_AUTOS = YES_AGGRESSIVE;
				GCC_WARN_UNUSED_FUNCTION = YES;
				GCC_WARN_UNUSED_VARIABLE = YES;
				IPHONEOS_DEPLOYMENT_TARGET = 17.0;
				LOCALIZATION_PREFERS_STRING_CATALOGS = YES;
				MTL_ENABLE_DEBUG_INFO = NO;
				MTL_FAST_MATH = YES;
				SDKROOT = iphoneos;
				SWIFT_COMPILATION_MODE = wholemodule;
				VALIDATE_PRODUCT = YES;
			};
			name = Release;
		};
		BA1E43F12B0E499C00AAF8A4 /* Debug */ = {
			isa = XCBuildConfiguration;
			buildSettings = {
				ASSETCATALOG_COMPILER_APPICON_NAME = AppIcon;
				ASSETCATALOG_COMPILER_GLOBAL_ACCENT_COLOR_NAME = AccentColor;
				CODE_SIGN_STYLE = Automatic;
				CURRENT_PROJECT_VERSION = 1;
				DEVELOPMENT_ASSET_PATHS = "\"Flix-/Preview Content\"";
				DEVELOPMENT_TEAM = 3ZD94BR25U;
				ENABLE_PREVIEWS = YES;
				GENERATE_INFOPLIST_FILE = YES;
				INFOPLIST_KEY_UIApplicationSceneManifest_Generation = YES;
				INFOPLIST_KEY_UIApplicationSupportsIndirectInputEvents = YES;
				INFOPLIST_KEY_UILaunchScreen_Generation = YES;
				INFOPLIST_KEY_UISupportedInterfaceOrientations_iPad = "UIInterfaceOrientationPortrait UIInterfaceOrientationPortraitUpsideDown UIInterfaceOrientationLandscapeLeft UIInterfaceOrientationLandscapeRight";
				INFOPLIST_KEY_UISupportedInterfaceOrientations_iPhone = "UIInterfaceOrientationPortrait UIInterfaceOrientationLandscapeLeft UIInterfaceOrientationLandscapeRight";
				LD_RUNPATH_SEARCH_PATHS = (
					"$(inherited)",
					"@executable_path/Frameworks",
				);
				MARKETING_VERSION = 1.0;
				PRODUCT_BUNDLE_IDENTIFIER = "com.ta.Flix-";
				PRODUCT_NAME = "$(TARGET_NAME)";
				SWIFT_EMIT_LOC_STRINGS = YES;
				SWIFT_VERSION = 5.0;
				TARGETED_DEVICE_FAMILY = "1,2";
			};
			name = Debug;
		};
		BA1E43F22B0E499C00AAF8A4 /* Release */ = {
			isa = XCBuildConfiguration;
			buildSettings = {
				ASSETCATALOG_COMPILER_APPICON_NAME = AppIcon;
				ASSETCATALOG_COMPILER_GLOBAL_ACCENT_COLOR_NAME = AccentColor;
				CODE_SIGN_STYLE = Automatic;
				CURRENT_PROJECT_VERSION = 1;
				DEVELOPMENT_ASSET_PATHS = "\"Flix-/Preview Content\"";
				DEVELOPMENT_TEAM = 3ZD94BR25U;
				ENABLE_PREVIEWS = YES;
				GENERATE_INFOPLIST_FILE = YES;
				INFOPLIST_KEY_UIApplicationSceneManifest_Generation = YES;
				INFOPLIST_KEY_UIApplicationSupportsIndirectInputEvents = YES;
				INFOPLIST_KEY_UILaunchScreen_Generation = YES;
				INFOPLIST_KEY_UISupportedInterfaceOrientations_iPad = "UIInterfaceOrientationPortrait UIInterfaceOrientationPortraitUpsideDown UIInterfaceOrientationLandscapeLeft UIInterfaceOrientationLandscapeRight";
				INFOPLIST_KEY_UISupportedInterfaceOrientations_iPhone = "UIInterfaceOrientationPortrait UIInterfaceOrientationLandscapeLeft UIInterfaceOrientationLandscapeRight";
				LD_RUNPATH_SEARCH_PATHS = (
					"$(inherited)",
					"@executable_path/Frameworks",
				);
				MARKETING_VERSION = 1.0;
				PRODUCT_BUNDLE_IDENTIFIER = "com.ta.Flix-";
				PRODUCT_NAME = "$(TARGET_NAME)";
				SWIFT_EMIT_LOC_STRINGS = YES;
				SWIFT_VERSION = 5.0;
				TARGETED_DEVICE_FAMILY = "1,2";
			};
			name = Release;
		};
		BA1E440F2B0E4A7D00AAF8A4 /* Debug */ = {
			isa = XCBuildConfiguration;
			buildSettings = {
				ASSETCATALOG_COMPILER_APPICON_NAME = "App Icon & Top Shelf Image";
				ASSETCATALOG_COMPILER_GLOBAL_ACCENT_COLOR_NAME = AccentColor;
				CODE_SIGN_STYLE = Automatic;
				CURRENT_PROJECT_VERSION = 1;
				DEVELOPMENT_ASSET_PATHS = "\"Flix- tvOS/Preview Content\"";
				DEVELOPMENT_TEAM = 3ZD94BR25U;
				ENABLE_PREVIEWS = YES;
				GENERATE_INFOPLIST_FILE = YES;
				INFOPLIST_KEY_UILaunchScreen_Generation = YES;
				INFOPLIST_KEY_UIUserInterfaceStyle = Automatic;
				LD_RUNPATH_SEARCH_PATHS = (
					"$(inherited)",
					"@executable_path/Frameworks",
				);
				MARKETING_VERSION = 1.0;
				PRODUCT_BUNDLE_IDENTIFIER = "com.ta.Flix--tvOS";
				PRODUCT_NAME = "$(TARGET_NAME)";
				SDKROOT = appletvos;
				SWIFT_EMIT_LOC_STRINGS = YES;
				SWIFT_VERSION = 5.0;
				TARGETED_DEVICE_FAMILY = 3;
				TVOS_DEPLOYMENT_TARGET = 17.0;
			};
			name = Debug;
		};
		BA1E44102B0E4A7D00AAF8A4 /* Release */ = {
			isa = XCBuildConfiguration;
			buildSettings = {
				ASSETCATALOG_COMPILER_APPICON_NAME = "App Icon & Top Shelf Image";
				ASSETCATALOG_COMPILER_GLOBAL_ACCENT_COLOR_NAME = AccentColor;
				CODE_SIGN_STYLE = Automatic;
				CURRENT_PROJECT_VERSION = 1;
				DEVELOPMENT_ASSET_PATHS = "\"Flix- tvOS/Preview Content\"";
				DEVELOPMENT_TEAM = 3ZD94BR25U;
				ENABLE_PREVIEWS = YES;
				GENERATE_INFOPLIST_FILE = YES;
				INFOPLIST_KEY_UILaunchScreen_Generation = YES;
				INFOPLIST_KEY_UIUserInterfaceStyle = Automatic;
				LD_RUNPATH_SEARCH_PATHS = (
					"$(inherited)",
					"@executable_path/Frameworks",
				);
				MARKETING_VERSION = 1.0;
				PRODUCT_BUNDLE_IDENTIFIER = "com.ta.Flix--tvOS";
				PRODUCT_NAME = "$(TARGET_NAME)";
				SDKROOT = appletvos;
				SWIFT_EMIT_LOC_STRINGS = YES;
				SWIFT_VERSION = 5.0;
				TARGETED_DEVICE_FAMILY = 3;
				TVOS_DEPLOYMENT_TARGET = 17.0;
			};
			name = Release;
		};
/* End XCBuildConfiguration section */

/* Begin XCConfigurationList section */
		BA1E43DD2B0E499B00AAF8A4 /* Build configuration list for PBXProject "Flix-" */ = {
			isa = XCConfigurationList;
			buildConfigurations = (
				BA1E43EE2B0E499C00AAF8A4 /* Debug */,
				BA1E43EF2B0E499C00AAF8A4 /* Release */,
			);
			defaultConfigurationIsVisible = 0;
			defaultConfigurationName = Release;
		};
		BA1E43F02B0E499C00AAF8A4 /* Build configuration list for PBXNativeTarget "Flix-" */ = {
			isa = XCConfigurationList;
			buildConfigurations = (
				BA1E43F12B0E499C00AAF8A4 /* Debug */,
				BA1E43F22B0E499C00AAF8A4 /* Release */,
			);
			defaultConfigurationIsVisible = 0;
			defaultConfigurationName = Release;
		};
		BA1E440E2B0E4A7D00AAF8A4 /* Build configuration list for PBXNativeTarget "Flix- tvOS" */ = {
			isa = XCConfigurationList;
			buildConfigurations = (
				BA1E440F2B0E4A7D00AAF8A4 /* Debug */,
				BA1E44102B0E4A7D00AAF8A4 /* Release */,
			);
			defaultConfigurationIsVisible = 0;
			defaultConfigurationName = Release;
		};
/* End XCConfigurationList section */
	};
	rootObject = BA1E43DA2B0E499B00AAF8A4 /* Project object */;
}
