{
  "pins" : [
    {
      "identity" : "gsplayer",
      "kind" : "remoteSourceControl",
      "location" : "https://github.com/wxxsw/GSPlayer.git",
      "state" : {
        "revision" : "706fc28fcc8e33607993903eca82d9f6c7c3f6d2",
        "version" : "0.2.27"
      }
    },
    {
      "identity" : "kingfisher",
      "kind" : "remoteSourceControl",
      "location" : "https://github.com/onevcat/Kingfisher",
      "state" : {
        "revision" : "fd6aee6d3774db191b22e331cc88f00041a2ca85",
        "version" : "5.14.1"
      }
    },
    {
      "identity" : "videoplayer",
      "kind" : "remoteSourceControl",
      "location" : "https://github.com/wxxsw/videoplayer",
      "state" : {
        "revision" : "0a271928849292713daf471398a2a9185f28709c",
        "version" : "1.2.4"
      }
    }
  ],
  "version" : 2
}
